# THIS IS AN AUTOGENERATED FILE. DO NOT EDIT THIS FILE DIRECTLY.
# yarn lockfile v1


"@vuepress/plugin-active-header-links@^1.0.0-alpha.42":
  version "1.0.0-alpha.42"
  resolved "https://registry.yarnpkg.com/@vuepress/plugin-active-header-links/-/plugin-active-header-links-1.0.0-alpha.42.tgz#036b688b26360237824cfeec623f44790a58914a"
  integrity sha512-hu5AaXkLvEkuJ23a5o4dR68FRrpI4HtiQbP4tmSeFiu4l3njIMalmbiVGNqvctZ8zlFUK9LLcojpihSVDqnkeQ==
  dependencies:
    lodash.throttle "^4.1.1"

lodash.throttle@^4.1.1:
  version "4.1.1"
  resolved "https://registry.yarnpkg.com/lodash.throttle/-/lodash.throttle-4.1.1.tgz#c23e91b710242ac70c37f1e1cda9274cc39bf2f4"
  integrity sha1-wj6RtxAkKscMN/HhzaknTMOb8vQ=
